
Microsoft Visual Studio Solution File, Format Version 12.00
# Visual Studio 14
VisualStudioVersion = 14.0.25420.1
MinimumVisualStudioVersion = 10.0.40219.1
Project("{FAE04EC0-301F-11D3-BF4B-00C04F79EFBC}") = "BinaryTreeLogic", "BinaryTreeLogic\BinaryTreeLogic.csproj", "{D7C21088-D357-4CCF-B1D1-F0DB1BD1300B}"
EndProject
Project("{FAE04EC0-301F-11D3-BF4B-00C04F79EFBC}") = "BinarySearchTreeLogicTests", "BinarySearchTreeLogicTests\BinarySearchTreeLogicTests.csproj", "{65C693A0-29C7-4DFA-B80B-36C48B6CF899}"
EndProject
Global
	GlobalSection(SolutionConfigurationPlatforms) = preSolution
		Debug|Any CPU = Debug|Any CPU
		Release|Any CPU = Release|Any CPU
	EndGlobalSection
	GlobalSection(ProjectConfigurationPlatforms) = postSolution
		{D7C21088-D357-4CCF-B1D1-F0DB1BD1300B}.Debug|Any CPU.ActiveCfg = Debug|Any CPU
		{D7C21088-D357-4CCF-B1D1-F0DB1BD1300B}.Debug|Any CPU.Build.0 = Debug|Any CPU
		{D7C21088-D357-4CCF-B1D1-F0DB1BD1300B}.Release|Any CPU.ActiveCfg = Release|Any CPU
		{D7C21088-D357-4CCF-B1D1-F0DB1BD1300B}.Release|Any CPU.Build.0 = Release|Any CPU
		{65C693A0-29C7-4DFA-B80B-36C48B6CF899}.Debug|Any CPU.ActiveCfg = Debug|Any CPU
		{65C693A0-29C7-4DFA-B80B-36C48B6CF899}.Debug|Any CPU.Build.0 = Debug|Any CPU
		{65C693A0-29C7-4DFA-B80B-36C48B6CF899}.Release|Any CPU.ActiveCfg = Release|Any CPU
		{65C693A0-29C7-4DFA-B80B-36C48B6CF899}.Release|Any CPU.Build.0 = Release|Any CPU
	EndGlobalSection
	GlobalSection(SolutionProperties) = preSolution
		HideSolutionNode = FALSE
	EndGlobalSection
EndGlobal
