
Microsoft Visual Studio Solution File, Format Version 12.00
# Visual Studio 14
VisualStudioVersion = 14.0.25420.1
MinimumVisualStudioVersion = 10.0.40219.1
Project("{FAE04EC0-301F-11D3-BF4B-00C04F79EFBC}") = "MatrixLogic", "MatrixLogic\MatrixLogic.csproj", "{919BC720-BC9D-4234-B847-63E5057ED339}"
EndProject
Project("{FAE04EC0-301F-11D3-BF4B-00C04F79EFBC}") = "MatrixLogicTests", "MatrixLogicTests\MatrixLogicTests.csproj", "{C6EF7483-921D-4423-8C3E-86825811BC6D}"
EndProject
Global
	GlobalSection(SolutionConfigurationPlatforms) = preSolution
		Debug|Any CPU = Debug|Any CPU
		Release|Any CPU = Release|Any CPU
	EndGlobalSection
	GlobalSection(ProjectConfigurationPlatforms) = postSolution
		{919BC720-BC9D-4234-B847-63E5057ED339}.Debug|Any CPU.ActiveCfg = Debug|Any CPU
		{919BC720-BC9D-4234-B847-63E5057ED339}.Debug|Any CPU.Build.0 = Debug|Any CPU
		{919BC720-BC9D-4234-B847-63E5057ED339}.Release|Any CPU.ActiveCfg = Release|Any CPU
		{919BC720-BC9D-4234-B847-63E5057ED339}.Release|Any CPU.Build.0 = Release|Any CPU
		{C6EF7483-921D-4423-8C3E-86825811BC6D}.Debug|Any CPU.ActiveCfg = Debug|Any CPU
		{C6EF7483-921D-4423-8C3E-86825811BC6D}.Debug|Any CPU.Build.0 = Debug|Any CPU
		{C6EF7483-921D-4423-8C3E-86825811BC6D}.Release|Any CPU.ActiveCfg = Release|Any CPU
		{C6EF7483-921D-4423-8C3E-86825811BC6D}.Release|Any CPU.Build.0 = Release|Any CPU
	EndGlobalSection
	GlobalSection(SolutionProperties) = preSolution
		HideSolutionNode = FALSE
	EndGlobalSection
EndGlobal
